
Microsoft Visual Studio Solution File, Format Version 12.00
# Visual Studio Version 17
VisualStudioVersion = 17.6.33829.357
MinimumVisualStudioVersion = 10.0.40219.1
Project("{9A19103F-16F7-4668-BE54-9A1E7A4F7556}") = "EntityFramework", "EntityFramework\EntityFramework.csproj", "{044FD256-6235-4994-975D-DAB3CFEDABA1}"
EndProject
Project("{9A19103F-16F7-4668-BE54-9A1E7A4F7556}") = "SeedData", "SeedData\SeedData.csproj", "{6AF0305F-D49E-49D4-A9BC-E79FFE5CD338}"
EndProject
Project("{FAE04EC0-301F-11D3-BF4B-00C04F79EFBC}") = "SportEvents.API", "SportEvents.API\SportEvents.API.csproj", "{4C4CA25C-4BCF-481C-A631-665344C1E49C}"
EndProject
Global
	GlobalSection(SolutionConfigurationPlatforms) = preSolution
		Debug|Any CPU = Debug|Any CPU
		Release|Any CPU = Release|Any CPU
	EndGlobalSection
	GlobalSection(ProjectConfigurationPlatforms) = postSolution
		{044FD256-6235-4994-975D-DAB3CFEDABA1}.Debug|Any CPU.ActiveCfg = Debug|Any CPU
		{044FD256-6235-4994-975D-DAB3CFEDABA1}.Debug|Any CPU.Build.0 = Debug|Any CPU
		{044FD256-6235-4994-975D-DAB3CFEDABA1}.Release|Any CPU.ActiveCfg = Release|Any CPU
		{044FD256-6235-4994-975D-DAB3CFEDABA1}.Release|Any CPU.Build.0 = Release|Any CPU
		{6AF0305F-D49E-49D4-A9BC-E79FFE5CD338}.Debug|Any CPU.ActiveCfg = Debug|Any CPU
		{6AF0305F-D49E-49D4-A9BC-E79FFE5CD338}.Debug|Any CPU.Build.0 = Debug|Any CPU
		{6AF0305F-D49E-49D4-A9BC-E79FFE5CD338}.Release|Any CPU.ActiveCfg = Release|Any CPU
		{6AF0305F-D49E-49D4-A9BC-E79FFE5CD338}.Release|Any CPU.Build.0 = Release|Any CPU
		{4C4CA25C-4BCF-481C-A631-665344C1E49C}.Debug|Any CPU.ActiveCfg = Debug|Any CPU
		{4C4CA25C-4BCF-481C-A631-665344C1E49C}.Debug|Any CPU.Build.0 = Debug|Any CPU
		{4C4CA25C-4BCF-481C-A631-665344C1E49C}.Release|Any CPU.ActiveCfg = Release|Any CPU
		{4C4CA25C-4BCF-481C-A631-665344C1E49C}.Release|Any CPU.Build.0 = Release|Any CPU
	EndGlobalSection
	GlobalSection(SolutionProperties) = preSolution
		HideSolutionNode = FALSE
	EndGlobalSection
	GlobalSection(ExtensibilityGlobals) = postSolution
		SolutionGuid = {17301397-792C-461A-88E3-D4D0862C9E33}
	EndGlobalSection
EndGlobal
